
Microsoft Visual Studio Solution File, Format Version 12.00
# Visual Studio Version 17
VisualStudioVersion = 17.0.31903.59
MinimumVisualStudioVersion = 10.0.40219.1
Project("{FAE04EC0-301F-11D3-BF4B-00C04F79EFBC}") = "CurrencyConverter.API", "CurrencyConverter.API\CurrencyConverter.API.csproj", "{F602922C-FB41-4106-9BDE-33C4CDA25AB9}"
EndProject
Project("{FAE04EC0-301F-11D3-BF4B-00C04F79EFBC}") = "CurrencyConverter.DAL", "CurrencyConverter.DAL\CurrencyConverter.DAL.csproj", "{1F7555D5-9939-4239-A26A-72BE4583A83A}"
EndProject
Project("{FAE04EC0-301F-11D3-BF4B-00C04F79EFBC}") = "CurrencyConverter.BLL", "CurrencyConverter.BLL\CurrencyConverter.BLL.csproj", "{3C8C3BFA-1743-48C1-BD69-47C9F38D7E21}"
EndProject
Global
	GlobalSection(SolutionConfigurationPlatforms) = preSolution
		Debug|Any CPU = Debug|Any CPU
		Debug|x64 = Debug|x64
		Debug|x86 = Debug|x86
		Release|Any CPU = Release|Any CPU
		Release|x64 = Release|x64
		Release|x86 = Release|x86
	EndGlobalSection
	GlobalSection(ProjectConfigurationPlatforms) = postSolution
		{F602922C-FB41-4106-9BDE-33C4CDA25AB9}.Debug|Any CPU.ActiveCfg = Debug|Any CPU
		{F602922C-FB41-4106-9BDE-33C4CDA25AB9}.Debug|Any CPU.Build.0 = Debug|Any CPU
		{F602922C-FB41-4106-9BDE-33C4CDA25AB9}.Debug|x64.ActiveCfg = Debug|Any CPU
		{F602922C-FB41-4106-9BDE-33C4CDA25AB9}.Debug|x64.Build.0 = Debug|Any CPU
		{F602922C-FB41-4106-9BDE-33C4CDA25AB9}.Debug|x86.ActiveCfg = Debug|Any CPU
		{F602922C-FB41-4106-9BDE-33C4CDA25AB9}.Debug|x86.Build.0 = Debug|Any CPU
		{F602922C-FB41-4106-9BDE-33C4CDA25AB9}.Release|Any CPU.ActiveCfg = Release|Any CPU
		{F602922C-FB41-4106-9BDE-33C4CDA25AB9}.Release|Any CPU.Build.0 = Release|Any CPU
		{F602922C-FB41-4106-9BDE-33C4CDA25AB9}.Release|x64.ActiveCfg = Release|Any CPU
		{F602922C-FB41-4106-9BDE-33C4CDA25AB9}.Release|x64.Build.0 = Release|Any CPU
		{F602922C-FB41-4106-9BDE-33C4CDA25AB9}.Release|x86.ActiveCfg = Release|Any CPU
		{F602922C-FB41-4106-9BDE-33C4CDA25AB9}.Release|x86.Build.0 = Release|Any CPU
		{1F7555D5-9939-4239-A26A-72BE4583A83A}.Debug|Any CPU.ActiveCfg = Debug|Any CPU
		{1F7555D5-9939-4239-A26A-72BE4583A83A}.Debug|Any CPU.Build.0 = Debug|Any CPU
		{1F7555D5-9939-4239-A26A-72BE4583A83A}.Debug|x64.ActiveCfg = Debug|Any CPU
		{1F7555D5-9939-4239-A26A-72BE4583A83A}.Debug|x64.Build.0 = Debug|Any CPU
		{1F7555D5-9939-4239-A26A-72BE4583A83A}.Debug|x86.ActiveCfg = Debug|Any CPU
		{1F7555D5-9939-4239-A26A-72BE4583A83A}.Debug|x86.Build.0 = Debug|Any CPU
		{1F7555D5-9939-4239-A26A-72BE4583A83A}.Release|Any CPU.ActiveCfg = Release|Any CPU
		{1F7555D5-9939-4239-A26A-72BE4583A83A}.Release|Any CPU.Build.0 = Release|Any CPU
		{1F7555D5-9939-4239-A26A-72BE4583A83A}.Release|x64.ActiveCfg = Release|Any CPU
		{1F7555D5-9939-4239-A26A-72BE4583A83A}.Release|x64.Build.0 = Release|Any CPU
		{1F7555D5-9939-4239-A26A-72BE4583A83A}.Release|x86.ActiveCfg = Release|Any CPU
		{1F7555D5-9939-4239-A26A-72BE4583A83A}.Release|x86.Build.0 = Release|Any CPU
		{3C8C3BFA-1743-48C1-BD69-47C9F38D7E21}.Debug|Any CPU.ActiveCfg = Debug|Any CPU
		{3C8C3BFA-1743-48C1-BD69-47C9F38D7E21}.Debug|Any CPU.Build.0 = Debug|Any CPU
		{3C8C3BFA-1743-48C1-BD69-47C9F38D7E21}.Debug|x64.ActiveCfg = Debug|Any CPU
		{3C8C3BFA-1743-48C1-BD69-47C9F38D7E21}.Debug|x64.Build.0 = Debug|Any CPU
		{3C8C3BFA-1743-48C1-BD69-47C9F38D7E21}.Debug|x86.ActiveCfg = Debug|Any CPU
		{3C8C3BFA-1743-48C1-BD69-47C9F38D7E21}.Debug|x86.Build.0 = Debug|Any CPU
		{3C8C3BFA-1743-48C1-BD69-47C9F38D7E21}.Release|Any CPU.ActiveCfg = Release|Any CPU
		{3C8C3BFA-1743-48C1-BD69-47C9F38D7E21}.Release|Any CPU.Build.0 = Release|Any CPU
		{3C8C3BFA-1743-48C1-BD69-47C9F38D7E21}.Release|x64.ActiveCfg = Release|Any CPU
		{3C8C3BFA-1743-48C1-BD69-47C9F38D7E21}.Release|x64.Build.0 = Release|Any CPU
		{3C8C3BFA-1743-48C1-BD69-47C9F38D7E21}.Release|x86.ActiveCfg = Release|Any CPU
		{3C8C3BFA-1743-48C1-BD69-47C9F38D7E21}.Release|x86.Build.0 = Release|Any CPU
	EndGlobalSection
	GlobalSection(SolutionProperties) = preSolution
		HideSolutionNode = FALSE
	EndGlobalSection
EndGlobal
